
Microsoft Visual Studio Solution File, Format Version 12.00
# Visual Studio 2013
VisualStudioVersion = 12.0.21005.1
MinimumVisualStudioVersion = 10.0.40219.1
Project("{8BC9CEB8-8B4A-11D0-8D11-00A0C91BC942}") = "my_xml", "my_xml.vcxproj", "{07070522-726D-4525-9E29-241F51C9C8D5}"
EndProject
Project("{8BC9CEB8-8B4A-11D0-8D11-00A0C91BC942}") = "my_sorting", "my_sorting\my_sorting.vcxproj", "{9108F722-2F54-491E-B334-B9DEDD6BD161}"
EndProject
Project("{8BC9CEB8-8B4A-11D0-8D11-00A0C91BC942}") = "HW", "HW\HW.vcxproj", "{7216C9CA-3D65-47D6-B09D-2DEF0017255F}"
EndProject
Global
	GlobalSection(SolutionConfigurationPlatforms) = preSolution
		Debug|Win32 = Debug|Win32
		Release|Win32 = Release|Win32
	EndGlobalSection
	GlobalSection(ProjectConfigurationPlatforms) = postSolution
		{07070522-726D-4525-9E29-241F51C9C8D5}.Debug|Win32.ActiveCfg = Debug|Win32
		{07070522-726D-4525-9E29-241F51C9C8D5}.Debug|Win32.Build.0 = Debug|Win32
		{07070522-726D-4525-9E29-241F51C9C8D5}.Release|Win32.ActiveCfg = Release|Win32
		{07070522-726D-4525-9E29-241F51C9C8D5}.Release|Win32.Build.0 = Release|Win32
		{9108F722-2F54-491E-B334-B9DEDD6BD161}.Debug|Win32.ActiveCfg = Debug|Win32
		{9108F722-2F54-491E-B334-B9DEDD6BD161}.Debug|Win32.Build.0 = Debug|Win32
		{9108F722-2F54-491E-B334-B9DEDD6BD161}.Release|Win32.ActiveCfg = Release|Win32
		{9108F722-2F54-491E-B334-B9DEDD6BD161}.Release|Win32.Build.0 = Release|Win32
		{7216C9CA-3D65-47D6-B09D-2DEF0017255F}.Debug|Win32.ActiveCfg = Debug|Win32
		{7216C9CA-3D65-47D6-B09D-2DEF0017255F}.Debug|Win32.Build.0 = Debug|Win32
		{7216C9CA-3D65-47D6-B09D-2DEF0017255F}.Release|Win32.ActiveCfg = Release|Win32
		{7216C9CA-3D65-47D6-B09D-2DEF0017255F}.Release|Win32.Build.0 = Release|Win32
	EndGlobalSection
	GlobalSection(SolutionProperties) = preSolution
		HideSolutionNode = FALSE
	EndGlobalSection
EndGlobal
