
Microsoft Visual Studio Solution File, Format Version 12.00
# Visual Studio 2013
VisualStudioVersion = 12.0.21005.1
MinimumVisualStudioVersion = 10.0.40219.1
Project("{8BC9CEB8-8B4A-11D0-8D11-00A0C91BC942}") = "client", "client\client.vcxproj", "{B756BDA8-40C1-45FF-BF6D-83D430E31D09}"
EndProject
Project("{8BC9CEB8-8B4A-11D0-8D11-00A0C91BC942}") = "server", "server\server.vcxproj", "{15AD78AA-EF5C-4944-93D5-BE8141ACA7CB}"
EndProject
Project("{8BC9CEB8-8B4A-11D0-8D11-00A0C91BC942}") = "Executive", "Executive\Executive.vcxproj", "{1044BA34-DEB9-4022-9D5C-B21C94F75BE0}"
EndProject
Global
	GlobalSection(SolutionConfigurationPlatforms) = preSolution
		Debug|Win32 = Debug|Win32
		Release|Win32 = Release|Win32
	EndGlobalSection
	GlobalSection(ProjectConfigurationPlatforms) = postSolution
		{B756BDA8-40C1-45FF-BF6D-83D430E31D09}.Debug|Win32.ActiveCfg = Debug|Win32
		{B756BDA8-40C1-45FF-BF6D-83D430E31D09}.Debug|Win32.Build.0 = Debug|Win32
		{B756BDA8-40C1-45FF-BF6D-83D430E31D09}.Release|Win32.ActiveCfg = Release|Win32
		{B756BDA8-40C1-45FF-BF6D-83D430E31D09}.Release|Win32.Build.0 = Release|Win32
		{15AD78AA-EF5C-4944-93D5-BE8141ACA7CB}.Debug|Win32.ActiveCfg = Debug|Win32
		{15AD78AA-EF5C-4944-93D5-BE8141ACA7CB}.Debug|Win32.Build.0 = Debug|Win32
		{15AD78AA-EF5C-4944-93D5-BE8141ACA7CB}.Release|Win32.ActiveCfg = Release|Win32
		{15AD78AA-EF5C-4944-93D5-BE8141ACA7CB}.Release|Win32.Build.0 = Release|Win32
		{1044BA34-DEB9-4022-9D5C-B21C94F75BE0}.Debug|Win32.ActiveCfg = Debug|Win32
		{1044BA34-DEB9-4022-9D5C-B21C94F75BE0}.Debug|Win32.Build.0 = Debug|Win32
		{1044BA34-DEB9-4022-9D5C-B21C94F75BE0}.Release|Win32.ActiveCfg = Release|Win32
		{1044BA34-DEB9-4022-9D5C-B21C94F75BE0}.Release|Win32.Build.0 = Release|Win32
	EndGlobalSection
	GlobalSection(SolutionProperties) = preSolution
		HideSolutionNode = FALSE
	EndGlobalSection
EndGlobal
